
Microsoft Visual Studio Solution File, Format Version 12.00
# Visual Studio Version 17
VisualStudioVersion = 17.0.31903.59
MinimumVisualStudioVersion = 10.0.40219.1
Project("{2150E333-8FDC-42A3-9474-1A3956D46DE8}") = "Modules", "Modules", "{CA253913-39DE-BFD0-C9A3-4B7EC6FBDF17}"
EndProject
Project("{2150E333-8FDC-42A3-9474-1A3956D46DE8}") = "IdentityModule", "IdentityModule", "{293C06CD-4E17-48BD-9F3B-B5ADDFFA9425}"
EndProject
Project("{2150E333-8FDC-42A3-9474-1A3956D46DE8}") = "App", "App", "{F95F473B-E98A-ACD6-1986-755F447BE36F}"
EndProject
Project("{FAE04EC0-301F-11D3-BF4B-00C04F79EFBC}") = "Shared.Kernel", "Shared\Shared.Kernel\Shared.Kernel.csproj", "{B66C62CA-7683-1E30-1CDE-60ACA2F02BCF}"
EndProject
Project("{2150E333-8FDC-42A3-9474-1A3956D46DE8}") = "Shared", "Shared", "{02EA681E-C7D8-13C7-8484-4AC65E1B71E8}"
EndProject
Project("{FAE04EC0-301F-11D3-BF4B-00C04F79EFBC}") = "BKCordServer.WebAPI", "App\BKCordServer.WebAPI\BKCordServer.WebAPI.csproj", "{5FDDDE43-0C17-B04F-E56A-48DF768FF2F0}"
	ProjectSection(ProjectDependencies) = postProject
		{5F40F575-15B9-E83E-990D-5CA9231F0CDB} = {5F40F575-15B9-E83E-990D-5CA9231F0CDB}
		{EBB25029-028E-4017-9EC7-D42C84660B9B} = {EBB25029-028E-4017-9EC7-D42C84660B9B}
	EndProjectSection
EndProject
Project("{FAE04EC0-301F-11D3-BF4B-00C04F79EFBC}") = "BKCordServer.ServerModule", "Modules\ServerModule\BKCordServer.ServerModule\BKCordServer.ServerModule.csproj", "{5F40F575-15B9-E83E-990D-5CA9231F0CDB}"
EndProject
Project("{2150E333-8FDC-42A3-9474-1A3956D46DE8}") = "ServerModule", "ServerModule", "{D82A7FEF-56BB-4F98-A9E6-3D37AA48930B}"
EndProject
Project("{FAE04EC0-301F-11D3-BF4B-00C04F79EFBC}") = "BKCordServer.IdentityModule.Contracts", "Modules\IdentityModule\BKCordServer.IdentityModule.Contracts\BKCordServer.IdentityModule.Contracts.csproj", "{F7638769-95ED-0A7C-32F5-F89D534AB74F}"
EndProject
Project("{FAE04EC0-301F-11D3-BF4B-00C04F79EFBC}") = "BKCordServer.IdentityModule", "Modules\IdentityModule\BKCordServer.IdentityModule\BKCordServer.IdentityModule.csproj", "{B015EEBB-878E-C5AE-CAF2-DE10651BB7D9}"
EndProject
Project("{2150E333-8FDC-42A3-9474-1A3956D46DE8}") = "TextChannelModule", "TextChannelModule", "{44D1EE70-420F-4C87-B349-6463690C397B}"
EndProject
Project("{FAE04EC0-301F-11D3-BF4B-00C04F79EFBC}") = "BKCordServer.TextChannelModule", "Modules\TextChannelModule\BKCordServer.TextChannelModule\BKCordServer.TextChannelModule.csproj", "{EBB25029-028E-4017-9EC7-D42C84660B9B}"
EndProject
Project("{FAE04EC0-301F-11D3-BF4B-00C04F79EFBC}") = "BKCordServer.ServerModule.Contracts", "Modules\ServerModule\BKCordServer.ServerModule.Contracts\BKCordServer.ServerModule.Contracts.csproj", "{4CD1FDEB-27A2-4AC8-AD9B-2BEAF1A1FDF6}"
EndProject
Project("{2150E333-8FDC-42A3-9474-1A3956D46DE8}") = "VoiceChannelModule", "VoiceChannelModule", "{93491AA4-C526-4167-9855-59D56EAB975D}"
EndProject
Project("{FAE04EC0-301F-11D3-BF4B-00C04F79EFBC}") = "BKCordServer.VoiceChannelModule", "Modules\VoiceChannelModule\BKCordServer.VoiceChannelModule\BKCordServer.VoiceChannelModule.csproj", "{C3382FAC-4671-4650-8A1B-C616A7FFEC8D}"
EndProject
Global
	GlobalSection(SolutionConfigurationPlatforms) = preSolution
		Debug|Any CPU = Debug|Any CPU
		Debug|x64 = Debug|x64
		Debug|x86 = Debug|x86
		Release|Any CPU = Release|Any CPU
		Release|x64 = Release|x64
		Release|x86 = Release|x86
	EndGlobalSection
	GlobalSection(ProjectConfigurationPlatforms) = postSolution
		{B66C62CA-7683-1E30-1CDE-60ACA2F02BCF}.Debug|Any CPU.ActiveCfg = Debug|Any CPU
		{B66C62CA-7683-1E30-1CDE-60ACA2F02BCF}.Debug|Any CPU.Build.0 = Debug|Any CPU
		{B66C62CA-7683-1E30-1CDE-60ACA2F02BCF}.Debug|x64.ActiveCfg = Debug|Any CPU
		{B66C62CA-7683-1E30-1CDE-60ACA2F02BCF}.Debug|x64.Build.0 = Debug|Any CPU
		{B66C62CA-7683-1E30-1CDE-60ACA2F02BCF}.Debug|x86.ActiveCfg = Debug|Any CPU
		{B66C62CA-7683-1E30-1CDE-60ACA2F02BCF}.Debug|x86.Build.0 = Debug|Any CPU
		{B66C62CA-7683-1E30-1CDE-60ACA2F02BCF}.Release|Any CPU.ActiveCfg = Release|Any CPU
		{B66C62CA-7683-1E30-1CDE-60ACA2F02BCF}.Release|Any CPU.Build.0 = Release|Any CPU
		{B66C62CA-7683-1E30-1CDE-60ACA2F02BCF}.Release|x64.ActiveCfg = Release|Any CPU
		{B66C62CA-7683-1E30-1CDE-60ACA2F02BCF}.Release|x64.Build.0 = Release|Any CPU
		{B66C62CA-7683-1E30-1CDE-60ACA2F02BCF}.Release|x86.ActiveCfg = Release|Any CPU
		{B66C62CA-7683-1E30-1CDE-60ACA2F02BCF}.Release|x86.Build.0 = Release|Any CPU
		{5FDDDE43-0C17-B04F-E56A-48DF768FF2F0}.Debug|Any CPU.ActiveCfg = Debug|Any CPU
		{5FDDDE43-0C17-B04F-E56A-48DF768FF2F0}.Debug|Any CPU.Build.0 = Debug|Any CPU
		{5FDDDE43-0C17-B04F-E56A-48DF768FF2F0}.Debug|x64.ActiveCfg = Debug|Any CPU
		{5FDDDE43-0C17-B04F-E56A-48DF768FF2F0}.Debug|x64.Build.0 = Debug|Any CPU
		{5FDDDE43-0C17-B04F-E56A-48DF768FF2F0}.Debug|x86.ActiveCfg = Debug|Any CPU
		{5FDDDE43-0C17-B04F-E56A-48DF768FF2F0}.Debug|x86.Build.0 = Debug|Any CPU
		{5FDDDE43-0C17-B04F-E56A-48DF768FF2F0}.Release|Any CPU.ActiveCfg = Release|Any CPU
		{5FDDDE43-0C17-B04F-E56A-48DF768FF2F0}.Release|Any CPU.Build.0 = Release|Any CPU
		{5FDDDE43-0C17-B04F-E56A-48DF768FF2F0}.Release|x64.ActiveCfg = Release|Any CPU
		{5FDDDE43-0C17-B04F-E56A-48DF768FF2F0}.Release|x64.Build.0 = Release|Any CPU
		{5FDDDE43-0C17-B04F-E56A-48DF768FF2F0}.Release|x86.ActiveCfg = Release|Any CPU
		{5FDDDE43-0C17-B04F-E56A-48DF768FF2F0}.Release|x86.Build.0 = Release|Any CPU
		{5F40F575-15B9-E83E-990D-5CA9231F0CDB}.Debug|Any CPU.ActiveCfg = Debug|Any CPU
		{5F40F575-15B9-E83E-990D-5CA9231F0CDB}.Debug|Any CPU.Build.0 = Debug|Any CPU
		{5F40F575-15B9-E83E-990D-5CA9231F0CDB}.Debug|x64.ActiveCfg = Debug|Any CPU
		{5F40F575-15B9-E83E-990D-5CA9231F0CDB}.Debug|x64.Build.0 = Debug|Any CPU
		{5F40F575-15B9-E83E-990D-5CA9231F0CDB}.Debug|x86.ActiveCfg = Debug|Any CPU
		{5F40F575-15B9-E83E-990D-5CA9231F0CDB}.Debug|x86.Build.0 = Debug|Any CPU
		{5F40F575-15B9-E83E-990D-5CA9231F0CDB}.Release|Any CPU.ActiveCfg = Release|Any CPU
		{5F40F575-15B9-E83E-990D-5CA9231F0CDB}.Release|Any CPU.Build.0 = Release|Any CPU
		{5F40F575-15B9-E83E-990D-5CA9231F0CDB}.Release|x64.ActiveCfg = Release|Any CPU
		{5F40F575-15B9-E83E-990D-5CA9231F0CDB}.Release|x64.Build.0 = Release|Any CPU
		{5F40F575-15B9-E83E-990D-5CA9231F0CDB}.Release|x86.ActiveCfg = Release|Any CPU
		{5F40F575-15B9-E83E-990D-5CA9231F0CDB}.Release|x86.Build.0 = Release|Any CPU
		{F7638769-95ED-0A7C-32F5-F89D534AB74F}.Debug|Any CPU.ActiveCfg = Debug|Any CPU
		{F7638769-95ED-0A7C-32F5-F89D534AB74F}.Debug|Any CPU.Build.0 = Debug|Any CPU
		{F7638769-95ED-0A7C-32F5-F89D534AB74F}.Debug|x64.ActiveCfg = Debug|Any CPU
		{F7638769-95ED-0A7C-32F5-F89D534AB74F}.Debug|x64.Build.0 = Debug|Any CPU
		{F7638769-95ED-0A7C-32F5-F89D534AB74F}.Debug|x86.ActiveCfg = Debug|Any CPU
		{F7638769-95ED-0A7C-32F5-F89D534AB74F}.Debug|x86.Build.0 = Debug|Any CPU
		{F7638769-95ED-0A7C-32F5-F89D534AB74F}.Release|Any CPU.ActiveCfg = Release|Any CPU
		{F7638769-95ED-0A7C-32F5-F89D534AB74F}.Release|Any CPU.Build.0 = Release|Any CPU
		{F7638769-95ED-0A7C-32F5-F89D534AB74F}.Release|x64.ActiveCfg = Release|Any CPU
		{F7638769-95ED-0A7C-32F5-F89D534AB74F}.Release|x64.Build.0 = Release|Any CPU
		{F7638769-95ED-0A7C-32F5-F89D534AB74F}.Release|x86.ActiveCfg = Release|Any CPU
		{F7638769-95ED-0A7C-32F5-F89D534AB74F}.Release|x86.Build.0 = Release|Any CPU
		{B015EEBB-878E-C5AE-CAF2-DE10651BB7D9}.Debug|Any CPU.ActiveCfg = Debug|Any CPU
		{B015EEBB-878E-C5AE-CAF2-DE10651BB7D9}.Debug|Any CPU.Build.0 = Debug|Any CPU
		{B015EEBB-878E-C5AE-CAF2-DE10651BB7D9}.Debug|x64.ActiveCfg = Debug|Any CPU
		{B015EEBB-878E-C5AE-CAF2-DE10651BB7D9}.Debug|x64.Build.0 = Debug|Any CPU
		{B015EEBB-878E-C5AE-CAF2-DE10651BB7D9}.Debug|x86.ActiveCfg = Debug|Any CPU
		{B015EEBB-878E-C5AE-CAF2-DE10651BB7D9}.Debug|x86.Build.0 = Debug|Any CPU
		{B015EEBB-878E-C5AE-CAF2-DE10651BB7D9}.Release|Any CPU.ActiveCfg = Release|Any CPU
		{B015EEBB-878E-C5AE-CAF2-DE10651BB7D9}.Release|Any CPU.Build.0 = Release|Any CPU
		{B015EEBB-878E-C5AE-CAF2-DE10651BB7D9}.Release|x64.ActiveCfg = Release|Any CPU
		{B015EEBB-878E-C5AE-CAF2-DE10651BB7D9}.Release|x64.Build.0 = Release|Any CPU
		{B015EEBB-878E-C5AE-CAF2-DE10651BB7D9}.Release|x86.ActiveCfg = Release|Any CPU
		{B015EEBB-878E-C5AE-CAF2-DE10651BB7D9}.Release|x86.Build.0 = Release|Any CPU
		{EBB25029-028E-4017-9EC7-D42C84660B9B}.Debug|Any CPU.ActiveCfg = Debug|Any CPU
		{EBB25029-028E-4017-9EC7-D42C84660B9B}.Debug|Any CPU.Build.0 = Debug|Any CPU
		{EBB25029-028E-4017-9EC7-D42C84660B9B}.Debug|x64.ActiveCfg = Debug|Any CPU
		{EBB25029-028E-4017-9EC7-D42C84660B9B}.Debug|x64.Build.0 = Debug|Any CPU
		{EBB25029-028E-4017-9EC7-D42C84660B9B}.Debug|x86.ActiveCfg = Debug|Any CPU
		{EBB25029-028E-4017-9EC7-D42C84660B9B}.Debug|x86.Build.0 = Debug|Any CPU
		{EBB25029-028E-4017-9EC7-D42C84660B9B}.Release|Any CPU.ActiveCfg = Release|Any CPU
		{EBB25029-028E-4017-9EC7-D42C84660B9B}.Release|Any CPU.Build.0 = Release|Any CPU
		{EBB25029-028E-4017-9EC7-D42C84660B9B}.Release|x64.ActiveCfg = Release|Any CPU
		{EBB25029-028E-4017-9EC7-D42C84660B9B}.Release|x64.Build.0 = Release|Any CPU
		{EBB25029-028E-4017-9EC7-D42C84660B9B}.Release|x86.ActiveCfg = Release|Any CPU
		{EBB25029-028E-4017-9EC7-D42C84660B9B}.Release|x86.Build.0 = Release|Any CPU
		{4CD1FDEB-27A2-4AC8-AD9B-2BEAF1A1FDF6}.Debug|Any CPU.ActiveCfg = Debug|Any CPU
		{4CD1FDEB-27A2-4AC8-AD9B-2BEAF1A1FDF6}.Debug|Any CPU.Build.0 = Debug|Any CPU
		{4CD1FDEB-27A2-4AC8-AD9B-2BEAF1A1FDF6}.Debug|x64.ActiveCfg = Debug|Any CPU
		{4CD1FDEB-27A2-4AC8-AD9B-2BEAF1A1FDF6}.Debug|x64.Build.0 = Debug|Any CPU
		{4CD1FDEB-27A2-4AC8-AD9B-2BEAF1A1FDF6}.Debug|x86.ActiveCfg = Debug|Any CPU
		{4CD1FDEB-27A2-4AC8-AD9B-2BEAF1A1FDF6}.Debug|x86.Build.0 = Debug|Any CPU
		{4CD1FDEB-27A2-4AC8-AD9B-2BEAF1A1FDF6}.Release|Any CPU.ActiveCfg = Release|Any CPU
		{4CD1FDEB-27A2-4AC8-AD9B-2BEAF1A1FDF6}.Release|Any CPU.Build.0 = Release|Any CPU
		{4CD1FDEB-27A2-4AC8-AD9B-2BEAF1A1FDF6}.Release|x64.ActiveCfg = Release|Any CPU
		{4CD1FDEB-27A2-4AC8-AD9B-2BEAF1A1FDF6}.Release|x64.Build.0 = Release|Any CPU
		{4CD1FDEB-27A2-4AC8-AD9B-2BEAF1A1FDF6}.Release|x86.ActiveCfg = Release|Any CPU
		{4CD1FDEB-27A2-4AC8-AD9B-2BEAF1A1FDF6}.Release|x86.Build.0 = Release|Any CPU
		{C3382FAC-4671-4650-8A1B-C616A7FFEC8D}.Debug|Any CPU.ActiveCfg = Debug|Any CPU
		{C3382FAC-4671-4650-8A1B-C616A7FFEC8D}.Debug|Any CPU.Build.0 = Debug|Any CPU
		{C3382FAC-4671-4650-8A1B-C616A7FFEC8D}.Debug|x64.ActiveCfg = Debug|Any CPU
		{C3382FAC-4671-4650-8A1B-C616A7FFEC8D}.Debug|x64.Build.0 = Debug|Any CPU
		{C3382FAC-4671-4650-8A1B-C616A7FFEC8D}.Debug|x86.ActiveCfg = Debug|Any CPU
		{C3382FAC-4671-4650-8A1B-C616A7FFEC8D}.Debug|x86.Build.0 = Debug|Any CPU
		{C3382FAC-4671-4650-8A1B-C616A7FFEC8D}.Release|Any CPU.ActiveCfg = Release|Any CPU
		{C3382FAC-4671-4650-8A1B-C616A7FFEC8D}.Release|Any CPU.Build.0 = Release|Any CPU
		{C3382FAC-4671-4650-8A1B-C616A7FFEC8D}.Release|x64.ActiveCfg = Release|Any CPU
		{C3382FAC-4671-4650-8A1B-C616A7FFEC8D}.Release|x64.Build.0 = Release|Any CPU
		{C3382FAC-4671-4650-8A1B-C616A7FFEC8D}.Release|x86.ActiveCfg = Release|Any CPU
		{C3382FAC-4671-4650-8A1B-C616A7FFEC8D}.Release|x86.Build.0 = Release|Any CPU
	EndGlobalSection
	GlobalSection(SolutionProperties) = preSolution
		HideSolutionNode = FALSE
	EndGlobalSection
	GlobalSection(NestedProjects) = preSolution
		{293C06CD-4E17-48BD-9F3B-B5ADDFFA9425} = {CA253913-39DE-BFD0-C9A3-4B7EC6FBDF17}
		{B66C62CA-7683-1E30-1CDE-60ACA2F02BCF} = {02EA681E-C7D8-13C7-8484-4AC65E1B71E8}
		{5FDDDE43-0C17-B04F-E56A-48DF768FF2F0} = {F95F473B-E98A-ACD6-1986-755F447BE36F}
		{5F40F575-15B9-E83E-990D-5CA9231F0CDB} = {D82A7FEF-56BB-4F98-A9E6-3D37AA48930B}
		{D82A7FEF-56BB-4F98-A9E6-3D37AA48930B} = {CA253913-39DE-BFD0-C9A3-4B7EC6FBDF17}
		{F7638769-95ED-0A7C-32F5-F89D534AB74F} = {293C06CD-4E17-48BD-9F3B-B5ADDFFA9425}
		{B015EEBB-878E-C5AE-CAF2-DE10651BB7D9} = {293C06CD-4E17-48BD-9F3B-B5ADDFFA9425}
		{44D1EE70-420F-4C87-B349-6463690C397B} = {CA253913-39DE-BFD0-C9A3-4B7EC6FBDF17}
		{EBB25029-028E-4017-9EC7-D42C84660B9B} = {44D1EE70-420F-4C87-B349-6463690C397B}
		{4CD1FDEB-27A2-4AC8-AD9B-2BEAF1A1FDF6} = {D82A7FEF-56BB-4F98-A9E6-3D37AA48930B}
		{93491AA4-C526-4167-9855-59D56EAB975D} = {CA253913-39DE-BFD0-C9A3-4B7EC6FBDF17}
		{C3382FAC-4671-4650-8A1B-C616A7FFEC8D} = {93491AA4-C526-4167-9855-59D56EAB975D}
	EndGlobalSection
	GlobalSection(ExtensibilityGlobals) = postSolution
		SolutionGuid = {448B5761-EC9E-4B91-A6C7-859E5576271D}
	EndGlobalSection
EndGlobal
