
Microsoft Visual Studio Solution File, Format Version 12.00
# Visual Studio Version 17
VisualStudioVersion = 17.0.31903.59
MinimumVisualStudioVersion = 10.0.40219.1
Project("{2150E333-8FDC-42A3-9474-1A3956D46DE8}") = "Modules", "Modules", "{CA253913-39DE-BFD0-C9A3-4B7EC6FBDF17}"
EndProject
Project("{2150E333-8FDC-42A3-9474-1A3956D46DE8}") = "Chat", "Chat", "{27FEAB8F-8A8D-C478-91A9-8944E69E0075}"
EndProject
Project("{2150E333-8FDC-42A3-9474-1A3956D46DE8}") = "src", "src", "{A3BD9BDE-FCC4-51AB-F6A9-314AE444E0D0}"
EndProject
Project("{FAE04EC0-301F-11D3-BF4B-00C04F79EFBC}") = "BKCordServer.Modules.Chat.Application", "Modules\Chat\src\BKCordServer.Modules.Chat.Application\BKCordServer.Modules.Chat.Application.csproj", "{A998FDD9-78DA-47B8-ACE8-C0FCCCBE4CA8}"
EndProject
Project("{FAE04EC0-301F-11D3-BF4B-00C04F79EFBC}") = "BKCordServer.Modules.Chat.Domain", "Modules\Chat\src\BKCordServer.Modules.Chat.Domain\BKCordServer.Modules.Chat.Domain.csproj", "{991974B1-4EE1-4A83-B7EC-C21CAB7E1E96}"
EndProject
Project("{FAE04EC0-301F-11D3-BF4B-00C04F79EFBC}") = "BKCordServer.Modules.Chat.Infrastructure", "Modules\Chat\src\BKCordServer.Modules.Chat.Infrastructure\BKCordServer.Modules.Chat.Infrastructure.csproj", "{511FF64E-6297-4CDA-9210-3566081B4F5C}"
EndProject
Project("{FAE04EC0-301F-11D3-BF4B-00C04F79EFBC}") = "BKCordServer.Modules.Chat.Presentation", "Modules\Chat\src\BKCordServer.Modules.Chat.Presentation\BKCordServer.Modules.Chat.Presentation.csproj", "{20196771-422F-4A02-B3D1-733528E56F27}"
EndProject
Project("{2150E333-8FDC-42A3-9474-1A3956D46DE8}") = "Email", "Email", "{C54764F2-D317-C05E-3708-3AAC04AAC75B}"
EndProject
Project("{2150E333-8FDC-42A3-9474-1A3956D46DE8}") = "src", "src", "{198D83A9-0554-BF62-1B93-46E5FFEC3185}"
EndProject
Project("{FAE04EC0-301F-11D3-BF4B-00C04F79EFBC}") = "BKCordServer.Modules.Email.Application", "Modules\Email\src\BKCordServer.Modules.Email.Application\BKCordServer.Modules.Email.Application.csproj", "{D6D96539-82CB-4DF8-AC35-13AE9A3CD4E3}"
EndProject
Project("{FAE04EC0-301F-11D3-BF4B-00C04F79EFBC}") = "BKCordServer.Modules.Email.Domain", "Modules\Email\src\BKCordServer.Modules.Email.Domain\BKCordServer.Modules.Email.Domain.csproj", "{474065B1-F7D6-4586-97B1-EEE54C62D2EC}"
EndProject
Project("{FAE04EC0-301F-11D3-BF4B-00C04F79EFBC}") = "BKCordServer.Modules.Email.Infrastructure", "Modules\Email\src\BKCordServer.Modules.Email.Infrastructure\BKCordServer.Modules.Email.Infrastructure.csproj", "{A47941A0-4D2A-4B12-9E03-900ED7247415}"
EndProject
Project("{FAE04EC0-301F-11D3-BF4B-00C04F79EFBC}") = "BKCordServer.Modules.Email.Presentation", "Modules\Email\src\BKCordServer.Modules.Email.Presentation\BKCordServer.Modules.Email.Presentation.csproj", "{19A95E42-7814-43F3-A53F-2F4FF6E334C8}"
EndProject
Project("{2150E333-8FDC-42A3-9474-1A3956D46DE8}") = "IdentityModule", "IdentityModule", "{293C06CD-4E17-48BD-9F3B-B5ADDFFA9425}"
EndProject
Project("{2150E333-8FDC-42A3-9474-1A3956D46DE8}") = "Notification", "Notification", "{71BE00F0-B5FC-9745-C01A-A42F4D935C52}"
EndProject
Project("{2150E333-8FDC-42A3-9474-1A3956D46DE8}") = "src", "src", "{2D2122C1-550E-E160-AB5D-E43E75C8C664}"
EndProject
Project("{FAE04EC0-301F-11D3-BF4B-00C04F79EFBC}") = "BKCordServer.Modules.Notification.Application", "Modules\Notification\src\BKCordServer.Modules.Notification.Application\BKCordServer.Modules.Notification.Application.csproj", "{B0908DE9-82FD-4DF8-9FEC-05FF782103B8}"
EndProject
Project("{FAE04EC0-301F-11D3-BF4B-00C04F79EFBC}") = "BKCordServer.Modules.Notification.Domain", "Modules\Notification\src\BKCordServer.Modules.Notification.Domain\BKCordServer.Modules.Notification.Domain.csproj", "{C1E4E561-C2DA-4AA4-A730-767EC7167EBC}"
EndProject
Project("{FAE04EC0-301F-11D3-BF4B-00C04F79EFBC}") = "BKCordServer.Modules.Notification.Infrastructure", "Modules\Notification\src\BKCordServer.Modules.Notification.Infrastructure\BKCordServer.Modules.Notification.Infrastructure.csproj", "{D2B525BC-7126-475C-99A7-F1B0BD8B4501}"
EndProject
Project("{FAE04EC0-301F-11D3-BF4B-00C04F79EFBC}") = "BKCordServer.Modules.Notification.Presentation", "Modules\Notification\src\BKCordServer.Modules.Notification.Presentation\BKCordServer.Modules.Notification.Presentation.csproj", "{023AFC9C-FD7A-4A40-9431-0017B292BB29}"
EndProject
Project("{2150E333-8FDC-42A3-9474-1A3956D46DE8}") = "Voice", "Voice", "{BCB19D54-EA58-4339-DA57-1EA92C8D8605}"
EndProject
Project("{2150E333-8FDC-42A3-9474-1A3956D46DE8}") = "src", "src", "{54D31C61-51BD-2655-CEDF-071C16A754D4}"
EndProject
Project("{FAE04EC0-301F-11D3-BF4B-00C04F79EFBC}") = "BKCordServer.Modules.Voice.Application", "Modules\Voice\src\BKCordServer.Modules.Voice.Application\BKCordServer.Modules.Voice.Application.csproj", "{A6F3A99F-E04A-4315-B84E-E51546CE36B6}"
EndProject
Project("{FAE04EC0-301F-11D3-BF4B-00C04F79EFBC}") = "BKCordServer.Modules.Voice.Domain", "Modules\Voice\src\BKCordServer.Modules.Voice.Domain\BKCordServer.Modules.Voice.Domain.csproj", "{B2565BB7-F021-4C87-A4C9-D4A25535874E}"
EndProject
Project("{FAE04EC0-301F-11D3-BF4B-00C04F79EFBC}") = "BKCordServer.Modules.Voice.Infrastructure", "Modules\Voice\src\BKCordServer.Modules.Voice.Infrastructure\BKCordServer.Modules.Voice.Infrastructure.csproj", "{A2180329-230E-4BAE-BE72-BB8D3562874D}"
EndProject
Project("{FAE04EC0-301F-11D3-BF4B-00C04F79EFBC}") = "BKCordServer.Modules.Voice.Presentation", "Modules\Voice\src\BKCordServer.Modules.Voice.Presentation\BKCordServer.Modules.Voice.Presentation.csproj", "{6CB176F4-36E6-486A-8621-EFB939E190A9}"
EndProject
Project("{2150E333-8FDC-42A3-9474-1A3956D46DE8}") = "App", "App", "{F95F473B-E98A-ACD6-1986-755F447BE36F}"
EndProject
Project("{FAE04EC0-301F-11D3-BF4B-00C04F79EFBC}") = "Shared.Kernel", "Shared\Shared.Kernel\Shared.Kernel.csproj", "{B66C62CA-7683-1E30-1CDE-60ACA2F02BCF}"
EndProject
Project("{2150E333-8FDC-42A3-9474-1A3956D46DE8}") = "Shared", "Shared", "{02EA681E-C7D8-13C7-8484-4AC65E1B71E8}"
EndProject
Project("{FAE04EC0-301F-11D3-BF4B-00C04F79EFBC}") = "BKCordServer.WebAPI", "App\BKCordServer.WebAPI\BKCordServer.WebAPI.csproj", "{5FDDDE43-0C17-B04F-E56A-48DF768FF2F0}"
	ProjectSection(ProjectDependencies) = postProject
		{5F40F575-15B9-E83E-990D-5CA9231F0CDB} = {5F40F575-15B9-E83E-990D-5CA9231F0CDB}
	EndProjectSection
EndProject
Project("{FAE04EC0-301F-11D3-BF4B-00C04F79EFBC}") = "BKCordServer.ServerModule", "Modules\ServerModule\BKCordServer.ServerModule\BKCordServer.ServerModule.csproj", "{5F40F575-15B9-E83E-990D-5CA9231F0CDB}"
EndProject
Project("{2150E333-8FDC-42A3-9474-1A3956D46DE8}") = "ServerModule", "ServerModule", "{D82A7FEF-56BB-4F98-A9E6-3D37AA48930B}"
EndProject
Project("{FAE04EC0-301F-11D3-BF4B-00C04F79EFBC}") = "BKCordServer.IdentityModule.Contracts", "Modules\IdentityModule\BKCordServer.IdentityModule.Contracts\BKCordServer.IdentityModule.Contracts.csproj", "{F7638769-95ED-0A7C-32F5-F89D534AB74F}"
EndProject
Project("{FAE04EC0-301F-11D3-BF4B-00C04F79EFBC}") = "BKCordServer.IdentityModule", "Modules\IdentityModule\BKCordServer.IdentityModule\BKCordServer.IdentityModule.csproj", "{B015EEBB-878E-C5AE-CAF2-DE10651BB7D9}"
EndProject
Global
	GlobalSection(SolutionConfigurationPlatforms) = preSolution
		Debug|Any CPU = Debug|Any CPU
		Debug|x64 = Debug|x64
		Debug|x86 = Debug|x86
		Release|Any CPU = Release|Any CPU
		Release|x64 = Release|x64
		Release|x86 = Release|x86
	EndGlobalSection
	GlobalSection(ProjectConfigurationPlatforms) = postSolution
		{A998FDD9-78DA-47B8-ACE8-C0FCCCBE4CA8}.Debug|Any CPU.ActiveCfg = Debug|Any CPU
		{A998FDD9-78DA-47B8-ACE8-C0FCCCBE4CA8}.Debug|Any CPU.Build.0 = Debug|Any CPU
		{A998FDD9-78DA-47B8-ACE8-C0FCCCBE4CA8}.Debug|x64.ActiveCfg = Debug|Any CPU
		{A998FDD9-78DA-47B8-ACE8-C0FCCCBE4CA8}.Debug|x64.Build.0 = Debug|Any CPU
		{A998FDD9-78DA-47B8-ACE8-C0FCCCBE4CA8}.Debug|x86.ActiveCfg = Debug|Any CPU
		{A998FDD9-78DA-47B8-ACE8-C0FCCCBE4CA8}.Debug|x86.Build.0 = Debug|Any CPU
		{A998FDD9-78DA-47B8-ACE8-C0FCCCBE4CA8}.Release|Any CPU.ActiveCfg = Release|Any CPU
		{A998FDD9-78DA-47B8-ACE8-C0FCCCBE4CA8}.Release|Any CPU.Build.0 = Release|Any CPU
		{A998FDD9-78DA-47B8-ACE8-C0FCCCBE4CA8}.Release|x64.ActiveCfg = Release|Any CPU
		{A998FDD9-78DA-47B8-ACE8-C0FCCCBE4CA8}.Release|x64.Build.0 = Release|Any CPU
		{A998FDD9-78DA-47B8-ACE8-C0FCCCBE4CA8}.Release|x86.ActiveCfg = Release|Any CPU
		{A998FDD9-78DA-47B8-ACE8-C0FCCCBE4CA8}.Release|x86.Build.0 = Release|Any CPU
		{991974B1-4EE1-4A83-B7EC-C21CAB7E1E96}.Debug|Any CPU.ActiveCfg = Debug|Any CPU
		{991974B1-4EE1-4A83-B7EC-C21CAB7E1E96}.Debug|Any CPU.Build.0 = Debug|Any CPU
		{991974B1-4EE1-4A83-B7EC-C21CAB7E1E96}.Debug|x64.ActiveCfg = Debug|Any CPU
		{991974B1-4EE1-4A83-B7EC-C21CAB7E1E96}.Debug|x64.Build.0 = Debug|Any CPU
		{991974B1-4EE1-4A83-B7EC-C21CAB7E1E96}.Debug|x86.ActiveCfg = Debug|Any CPU
		{991974B1-4EE1-4A83-B7EC-C21CAB7E1E96}.Debug|x86.Build.0 = Debug|Any CPU
		{991974B1-4EE1-4A83-B7EC-C21CAB7E1E96}.Release|Any CPU.ActiveCfg = Release|Any CPU
		{991974B1-4EE1-4A83-B7EC-C21CAB7E1E96}.Release|Any CPU.Build.0 = Release|Any CPU
		{991974B1-4EE1-4A83-B7EC-C21CAB7E1E96}.Release|x64.ActiveCfg = Release|Any CPU
		{991974B1-4EE1-4A83-B7EC-C21CAB7E1E96}.Release|x64.Build.0 = Release|Any CPU
		{991974B1-4EE1-4A83-B7EC-C21CAB7E1E96}.Release|x86.ActiveCfg = Release|Any CPU
		{991974B1-4EE1-4A83-B7EC-C21CAB7E1E96}.Release|x86.Build.0 = Release|Any CPU
		{511FF64E-6297-4CDA-9210-3566081B4F5C}.Debug|Any CPU.ActiveCfg = Debug|Any CPU
		{511FF64E-6297-4CDA-9210-3566081B4F5C}.Debug|Any CPU.Build.0 = Debug|Any CPU
		{511FF64E-6297-4CDA-9210-3566081B4F5C}.Debug|x64.ActiveCfg = Debug|Any CPU
		{511FF64E-6297-4CDA-9210-3566081B4F5C}.Debug|x64.Build.0 = Debug|Any CPU
		{511FF64E-6297-4CDA-9210-3566081B4F5C}.Debug|x86.ActiveCfg = Debug|Any CPU
		{511FF64E-6297-4CDA-9210-3566081B4F5C}.Debug|x86.Build.0 = Debug|Any CPU
		{511FF64E-6297-4CDA-9210-3566081B4F5C}.Release|Any CPU.ActiveCfg = Release|Any CPU
		{511FF64E-6297-4CDA-9210-3566081B4F5C}.Release|Any CPU.Build.0 = Release|Any CPU
		{511FF64E-6297-4CDA-9210-3566081B4F5C}.Release|x64.ActiveCfg = Release|Any CPU
		{511FF64E-6297-4CDA-9210-3566081B4F5C}.Release|x64.Build.0 = Release|Any CPU
		{511FF64E-6297-4CDA-9210-3566081B4F5C}.Release|x86.ActiveCfg = Release|Any CPU
		{511FF64E-6297-4CDA-9210-3566081B4F5C}.Release|x86.Build.0 = Release|Any CPU
		{20196771-422F-4A02-B3D1-733528E56F27}.Debug|Any CPU.ActiveCfg = Debug|Any CPU
		{20196771-422F-4A02-B3D1-733528E56F27}.Debug|Any CPU.Build.0 = Debug|Any CPU
		{20196771-422F-4A02-B3D1-733528E56F27}.Debug|x64.ActiveCfg = Debug|Any CPU
		{20196771-422F-4A02-B3D1-733528E56F27}.Debug|x64.Build.0 = Debug|Any CPU
		{20196771-422F-4A02-B3D1-733528E56F27}.Debug|x86.ActiveCfg = Debug|Any CPU
		{20196771-422F-4A02-B3D1-733528E56F27}.Debug|x86.Build.0 = Debug|Any CPU
		{20196771-422F-4A02-B3D1-733528E56F27}.Release|Any CPU.ActiveCfg = Release|Any CPU
		{20196771-422F-4A02-B3D1-733528E56F27}.Release|Any CPU.Build.0 = Release|Any CPU
		{20196771-422F-4A02-B3D1-733528E56F27}.Release|x64.ActiveCfg = Release|Any CPU
		{20196771-422F-4A02-B3D1-733528E56F27}.Release|x64.Build.0 = Release|Any CPU
		{20196771-422F-4A02-B3D1-733528E56F27}.Release|x86.ActiveCfg = Release|Any CPU
		{20196771-422F-4A02-B3D1-733528E56F27}.Release|x86.Build.0 = Release|Any CPU
		{D6D96539-82CB-4DF8-AC35-13AE9A3CD4E3}.Debug|Any CPU.ActiveCfg = Debug|Any CPU
		{D6D96539-82CB-4DF8-AC35-13AE9A3CD4E3}.Debug|Any CPU.Build.0 = Debug|Any CPU
		{D6D96539-82CB-4DF8-AC35-13AE9A3CD4E3}.Debug|x64.ActiveCfg = Debug|Any CPU
		{D6D96539-82CB-4DF8-AC35-13AE9A3CD4E3}.Debug|x64.Build.0 = Debug|Any CPU
		{D6D96539-82CB-4DF8-AC35-13AE9A3CD4E3}.Debug|x86.ActiveCfg = Debug|Any CPU
		{D6D96539-82CB-4DF8-AC35-13AE9A3CD4E3}.Debug|x86.Build.0 = Debug|Any CPU
		{D6D96539-82CB-4DF8-AC35-13AE9A3CD4E3}.Release|Any CPU.ActiveCfg = Release|Any CPU
		{D6D96539-82CB-4DF8-AC35-13AE9A3CD4E3}.Release|Any CPU.Build.0 = Release|Any CPU
		{D6D96539-82CB-4DF8-AC35-13AE9A3CD4E3}.Release|x64.ActiveCfg = Release|Any CPU
		{D6D96539-82CB-4DF8-AC35-13AE9A3CD4E3}.Release|x64.Build.0 = Release|Any CPU
		{D6D96539-82CB-4DF8-AC35-13AE9A3CD4E3}.Release|x86.ActiveCfg = Release|Any CPU
		{D6D96539-82CB-4DF8-AC35-13AE9A3CD4E3}.Release|x86.Build.0 = Release|Any CPU
		{474065B1-F7D6-4586-97B1-EEE54C62D2EC}.Debug|Any CPU.ActiveCfg = Debug|Any CPU
		{474065B1-F7D6-4586-97B1-EEE54C62D2EC}.Debug|Any CPU.Build.0 = Debug|Any CPU
		{474065B1-F7D6-4586-97B1-EEE54C62D2EC}.Debug|x64.ActiveCfg = Debug|Any CPU
		{474065B1-F7D6-4586-97B1-EEE54C62D2EC}.Debug|x64.Build.0 = Debug|Any CPU
		{474065B1-F7D6-4586-97B1-EEE54C62D2EC}.Debug|x86.ActiveCfg = Debug|Any CPU
		{474065B1-F7D6-4586-97B1-EEE54C62D2EC}.Debug|x86.Build.0 = Debug|Any CPU
		{474065B1-F7D6-4586-97B1-EEE54C62D2EC}.Release|Any CPU.ActiveCfg = Release|Any CPU
		{474065B1-F7D6-4586-97B1-EEE54C62D2EC}.Release|Any CPU.Build.0 = Release|Any CPU
		{474065B1-F7D6-4586-97B1-EEE54C62D2EC}.Release|x64.ActiveCfg = Release|Any CPU
		{474065B1-F7D6-4586-97B1-EEE54C62D2EC}.Release|x64.Build.0 = Release|Any CPU
		{474065B1-F7D6-4586-97B1-EEE54C62D2EC}.Release|x86.ActiveCfg = Release|Any CPU
		{474065B1-F7D6-4586-97B1-EEE54C62D2EC}.Release|x86.Build.0 = Release|Any CPU
		{A47941A0-4D2A-4B12-9E03-900ED7247415}.Debug|Any CPU.ActiveCfg = Debug|Any CPU
		{A47941A0-4D2A-4B12-9E03-900ED7247415}.Debug|Any CPU.Build.0 = Debug|Any CPU
		{A47941A0-4D2A-4B12-9E03-900ED7247415}.Debug|x64.ActiveCfg = Debug|Any CPU
		{A47941A0-4D2A-4B12-9E03-900ED7247415}.Debug|x64.Build.0 = Debug|Any CPU
		{A47941A0-4D2A-4B12-9E03-900ED7247415}.Debug|x86.ActiveCfg = Debug|Any CPU
		{A47941A0-4D2A-4B12-9E03-900ED7247415}.Debug|x86.Build.0 = Debug|Any CPU
		{A47941A0-4D2A-4B12-9E03-900ED7247415}.Release|Any CPU.ActiveCfg = Release|Any CPU
		{A47941A0-4D2A-4B12-9E03-900ED7247415}.Release|Any CPU.Build.0 = Release|Any CPU
		{A47941A0-4D2A-4B12-9E03-900ED7247415}.Release|x64.ActiveCfg = Release|Any CPU
		{A47941A0-4D2A-4B12-9E03-900ED7247415}.Release|x64.Build.0 = Release|Any CPU
		{A47941A0-4D2A-4B12-9E03-900ED7247415}.Release|x86.ActiveCfg = Release|Any CPU
		{A47941A0-4D2A-4B12-9E03-900ED7247415}.Release|x86.Build.0 = Release|Any CPU
		{19A95E42-7814-43F3-A53F-2F4FF6E334C8}.Debug|Any CPU.ActiveCfg = Debug|Any CPU
		{19A95E42-7814-43F3-A53F-2F4FF6E334C8}.Debug|Any CPU.Build.0 = Debug|Any CPU
		{19A95E42-7814-43F3-A53F-2F4FF6E334C8}.Debug|x64.ActiveCfg = Debug|Any CPU
		{19A95E42-7814-43F3-A53F-2F4FF6E334C8}.Debug|x64.Build.0 = Debug|Any CPU
		{19A95E42-7814-43F3-A53F-2F4FF6E334C8}.Debug|x86.ActiveCfg = Debug|Any CPU
		{19A95E42-7814-43F3-A53F-2F4FF6E334C8}.Debug|x86.Build.0 = Debug|Any CPU
		{19A95E42-7814-43F3-A53F-2F4FF6E334C8}.Release|Any CPU.ActiveCfg = Release|Any CPU
		{19A95E42-7814-43F3-A53F-2F4FF6E334C8}.Release|Any CPU.Build.0 = Release|Any CPU
		{19A95E42-7814-43F3-A53F-2F4FF6E334C8}.Release|x64.ActiveCfg = Release|Any CPU
		{19A95E42-7814-43F3-A53F-2F4FF6E334C8}.Release|x64.Build.0 = Release|Any CPU
		{19A95E42-7814-43F3-A53F-2F4FF6E334C8}.Release|x86.ActiveCfg = Release|Any CPU
		{19A95E42-7814-43F3-A53F-2F4FF6E334C8}.Release|x86.Build.0 = Release|Any CPU
		{B0908DE9-82FD-4DF8-9FEC-05FF782103B8}.Debug|Any CPU.ActiveCfg = Debug|Any CPU
		{B0908DE9-82FD-4DF8-9FEC-05FF782103B8}.Debug|Any CPU.Build.0 = Debug|Any CPU
		{B0908DE9-82FD-4DF8-9FEC-05FF782103B8}.Debug|x64.ActiveCfg = Debug|Any CPU
		{B0908DE9-82FD-4DF8-9FEC-05FF782103B8}.Debug|x64.Build.0 = Debug|Any CPU
		{B0908DE9-82FD-4DF8-9FEC-05FF782103B8}.Debug|x86.ActiveCfg = Debug|Any CPU
		{B0908DE9-82FD-4DF8-9FEC-05FF782103B8}.Debug|x86.Build.0 = Debug|Any CPU
		{B0908DE9-82FD-4DF8-9FEC-05FF782103B8}.Release|Any CPU.ActiveCfg = Release|Any CPU
		{B0908DE9-82FD-4DF8-9FEC-05FF782103B8}.Release|Any CPU.Build.0 = Release|Any CPU
		{B0908DE9-82FD-4DF8-9FEC-05FF782103B8}.Release|x64.ActiveCfg = Release|Any CPU
		{B0908DE9-82FD-4DF8-9FEC-05FF782103B8}.Release|x64.Build.0 = Release|Any CPU
		{B0908DE9-82FD-4DF8-9FEC-05FF782103B8}.Release|x86.ActiveCfg = Release|Any CPU
		{B0908DE9-82FD-4DF8-9FEC-05FF782103B8}.Release|x86.Build.0 = Release|Any CPU
		{C1E4E561-C2DA-4AA4-A730-767EC7167EBC}.Debug|Any CPU.ActiveCfg = Debug|Any CPU
		{C1E4E561-C2DA-4AA4-A730-767EC7167EBC}.Debug|Any CPU.Build.0 = Debug|Any CPU
		{C1E4E561-C2DA-4AA4-A730-767EC7167EBC}.Debug|x64.ActiveCfg = Debug|Any CPU
		{C1E4E561-C2DA-4AA4-A730-767EC7167EBC}.Debug|x64.Build.0 = Debug|Any CPU
		{C1E4E561-C2DA-4AA4-A730-767EC7167EBC}.Debug|x86.ActiveCfg = Debug|Any CPU
		{C1E4E561-C2DA-4AA4-A730-767EC7167EBC}.Debug|x86.Build.0 = Debug|Any CPU
		{C1E4E561-C2DA-4AA4-A730-767EC7167EBC}.Release|Any CPU.ActiveCfg = Release|Any CPU
		{C1E4E561-C2DA-4AA4-A730-767EC7167EBC}.Release|Any CPU.Build.0 = Release|Any CPU
		{C1E4E561-C2DA-4AA4-A730-767EC7167EBC}.Release|x64.ActiveCfg = Release|Any CPU
		{C1E4E561-C2DA-4AA4-A730-767EC7167EBC}.Release|x64.Build.0 = Release|Any CPU
		{C1E4E561-C2DA-4AA4-A730-767EC7167EBC}.Release|x86.ActiveCfg = Release|Any CPU
		{C1E4E561-C2DA-4AA4-A730-767EC7167EBC}.Release|x86.Build.0 = Release|Any CPU
		{D2B525BC-7126-475C-99A7-F1B0BD8B4501}.Debug|Any CPU.ActiveCfg = Debug|Any CPU
		{D2B525BC-7126-475C-99A7-F1B0BD8B4501}.Debug|Any CPU.Build.0 = Debug|Any CPU
		{D2B525BC-7126-475C-99A7-F1B0BD8B4501}.Debug|x64.ActiveCfg = Debug|Any CPU
		{D2B525BC-7126-475C-99A7-F1B0BD8B4501}.Debug|x64.Build.0 = Debug|Any CPU
		{D2B525BC-7126-475C-99A7-F1B0BD8B4501}.Debug|x86.ActiveCfg = Debug|Any CPU
		{D2B525BC-7126-475C-99A7-F1B0BD8B4501}.Debug|x86.Build.0 = Debug|Any CPU
		{D2B525BC-7126-475C-99A7-F1B0BD8B4501}.Release|Any CPU.ActiveCfg = Release|Any CPU
		{D2B525BC-7126-475C-99A7-F1B0BD8B4501}.Release|Any CPU.Build.0 = Release|Any CPU
		{D2B525BC-7126-475C-99A7-F1B0BD8B4501}.Release|x64.ActiveCfg = Release|Any CPU
		{D2B525BC-7126-475C-99A7-F1B0BD8B4501}.Release|x64.Build.0 = Release|Any CPU
		{D2B525BC-7126-475C-99A7-F1B0BD8B4501}.Release|x86.ActiveCfg = Release|Any CPU
		{D2B525BC-7126-475C-99A7-F1B0BD8B4501}.Release|x86.Build.0 = Release|Any CPU
		{023AFC9C-FD7A-4A40-9431-0017B292BB29}.Debug|Any CPU.ActiveCfg = Debug|Any CPU
		{023AFC9C-FD7A-4A40-9431-0017B292BB29}.Debug|Any CPU.Build.0 = Debug|Any CPU
		{023AFC9C-FD7A-4A40-9431-0017B292BB29}.Debug|x64.ActiveCfg = Debug|Any CPU
		{023AFC9C-FD7A-4A40-9431-0017B292BB29}.Debug|x64.Build.0 = Debug|Any CPU
		{023AFC9C-FD7A-4A40-9431-0017B292BB29}.Debug|x86.ActiveCfg = Debug|Any CPU
		{023AFC9C-FD7A-4A40-9431-0017B292BB29}.Debug|x86.Build.0 = Debug|Any CPU
		{023AFC9C-FD7A-4A40-9431-0017B292BB29}.Release|Any CPU.ActiveCfg = Release|Any CPU
		{023AFC9C-FD7A-4A40-9431-0017B292BB29}.Release|Any CPU.Build.0 = Release|Any CPU
		{023AFC9C-FD7A-4A40-9431-0017B292BB29}.Release|x64.ActiveCfg = Release|Any CPU
		{023AFC9C-FD7A-4A40-9431-0017B292BB29}.Release|x64.Build.0 = Release|Any CPU
		{023AFC9C-FD7A-4A40-9431-0017B292BB29}.Release|x86.ActiveCfg = Release|Any CPU
		{023AFC9C-FD7A-4A40-9431-0017B292BB29}.Release|x86.Build.0 = Release|Any CPU
		{A6F3A99F-E04A-4315-B84E-E51546CE36B6}.Debug|Any CPU.ActiveCfg = Debug|Any CPU
		{A6F3A99F-E04A-4315-B84E-E51546CE36B6}.Debug|Any CPU.Build.0 = Debug|Any CPU
		{A6F3A99F-E04A-4315-B84E-E51546CE36B6}.Debug|x64.ActiveCfg = Debug|Any CPU
		{A6F3A99F-E04A-4315-B84E-E51546CE36B6}.Debug|x64.Build.0 = Debug|Any CPU
		{A6F3A99F-E04A-4315-B84E-E51546CE36B6}.Debug|x86.ActiveCfg = Debug|Any CPU
		{A6F3A99F-E04A-4315-B84E-E51546CE36B6}.Debug|x86.Build.0 = Debug|Any CPU
		{A6F3A99F-E04A-4315-B84E-E51546CE36B6}.Release|Any CPU.ActiveCfg = Release|Any CPU
		{A6F3A99F-E04A-4315-B84E-E51546CE36B6}.Release|Any CPU.Build.0 = Release|Any CPU
		{A6F3A99F-E04A-4315-B84E-E51546CE36B6}.Release|x64.ActiveCfg = Release|Any CPU
		{A6F3A99F-E04A-4315-B84E-E51546CE36B6}.Release|x64.Build.0 = Release|Any CPU
		{A6F3A99F-E04A-4315-B84E-E51546CE36B6}.Release|x86.ActiveCfg = Release|Any CPU
		{A6F3A99F-E04A-4315-B84E-E51546CE36B6}.Release|x86.Build.0 = Release|Any CPU
		{B2565BB7-F021-4C87-A4C9-D4A25535874E}.Debug|Any CPU.ActiveCfg = Debug|Any CPU
		{B2565BB7-F021-4C87-A4C9-D4A25535874E}.Debug|Any CPU.Build.0 = Debug|Any CPU
		{B2565BB7-F021-4C87-A4C9-D4A25535874E}.Debug|x64.ActiveCfg = Debug|Any CPU
		{B2565BB7-F021-4C87-A4C9-D4A25535874E}.Debug|x64.Build.0 = Debug|Any CPU
		{B2565BB7-F021-4C87-A4C9-D4A25535874E}.Debug|x86.ActiveCfg = Debug|Any CPU
		{B2565BB7-F021-4C87-A4C9-D4A25535874E}.Debug|x86.Build.0 = Debug|Any CPU
		{B2565BB7-F021-4C87-A4C9-D4A25535874E}.Release|Any CPU.ActiveCfg = Release|Any CPU
		{B2565BB7-F021-4C87-A4C9-D4A25535874E}.Release|Any CPU.Build.0 = Release|Any CPU
		{B2565BB7-F021-4C87-A4C9-D4A25535874E}.Release|x64.ActiveCfg = Release|Any CPU
		{B2565BB7-F021-4C87-A4C9-D4A25535874E}.Release|x64.Build.0 = Release|Any CPU
		{B2565BB7-F021-4C87-A4C9-D4A25535874E}.Release|x86.ActiveCfg = Release|Any CPU
		{B2565BB7-F021-4C87-A4C9-D4A25535874E}.Release|x86.Build.0 = Release|Any CPU
		{A2180329-230E-4BAE-BE72-BB8D3562874D}.Debug|Any CPU.ActiveCfg = Debug|Any CPU
		{A2180329-230E-4BAE-BE72-BB8D3562874D}.Debug|Any CPU.Build.0 = Debug|Any CPU
		{A2180329-230E-4BAE-BE72-BB8D3562874D}.Debug|x64.ActiveCfg = Debug|Any CPU
		{A2180329-230E-4BAE-BE72-BB8D3562874D}.Debug|x64.Build.0 = Debug|Any CPU
		{A2180329-230E-4BAE-BE72-BB8D3562874D}.Debug|x86.ActiveCfg = Debug|Any CPU
		{A2180329-230E-4BAE-BE72-BB8D3562874D}.Debug|x86.Build.0 = Debug|Any CPU
		{A2180329-230E-4BAE-BE72-BB8D3562874D}.Release|Any CPU.ActiveCfg = Release|Any CPU
		{A2180329-230E-4BAE-BE72-BB8D3562874D}.Release|Any CPU.Build.0 = Release|Any CPU
		{A2180329-230E-4BAE-BE72-BB8D3562874D}.Release|x64.ActiveCfg = Release|Any CPU
		{A2180329-230E-4BAE-BE72-BB8D3562874D}.Release|x64.Build.0 = Release|Any CPU
		{A2180329-230E-4BAE-BE72-BB8D3562874D}.Release|x86.ActiveCfg = Release|Any CPU
		{A2180329-230E-4BAE-BE72-BB8D3562874D}.Release|x86.Build.0 = Release|Any CPU
		{6CB176F4-36E6-486A-8621-EFB939E190A9}.Debug|Any CPU.ActiveCfg = Debug|Any CPU
		{6CB176F4-36E6-486A-8621-EFB939E190A9}.Debug|Any CPU.Build.0 = Debug|Any CPU
		{6CB176F4-36E6-486A-8621-EFB939E190A9}.Debug|x64.ActiveCfg = Debug|Any CPU
		{6CB176F4-36E6-486A-8621-EFB939E190A9}.Debug|x64.Build.0 = Debug|Any CPU
		{6CB176F4-36E6-486A-8621-EFB939E190A9}.Debug|x86.ActiveCfg = Debug|Any CPU
		{6CB176F4-36E6-486A-8621-EFB939E190A9}.Debug|x86.Build.0 = Debug|Any CPU
		{6CB176F4-36E6-486A-8621-EFB939E190A9}.Release|Any CPU.ActiveCfg = Release|Any CPU
		{6CB176F4-36E6-486A-8621-EFB939E190A9}.Release|Any CPU.Build.0 = Release|Any CPU
		{6CB176F4-36E6-486A-8621-EFB939E190A9}.Release|x64.ActiveCfg = Release|Any CPU
		{6CB176F4-36E6-486A-8621-EFB939E190A9}.Release|x64.Build.0 = Release|Any CPU
		{6CB176F4-36E6-486A-8621-EFB939E190A9}.Release|x86.ActiveCfg = Release|Any CPU
		{6CB176F4-36E6-486A-8621-EFB939E190A9}.Release|x86.Build.0 = Release|Any CPU
		{B66C62CA-7683-1E30-1CDE-60ACA2F02BCF}.Debug|Any CPU.ActiveCfg = Debug|Any CPU
		{B66C62CA-7683-1E30-1CDE-60ACA2F02BCF}.Debug|Any CPU.Build.0 = Debug|Any CPU
		{B66C62CA-7683-1E30-1CDE-60ACA2F02BCF}.Debug|x64.ActiveCfg = Debug|Any CPU
		{B66C62CA-7683-1E30-1CDE-60ACA2F02BCF}.Debug|x64.Build.0 = Debug|Any CPU
		{B66C62CA-7683-1E30-1CDE-60ACA2F02BCF}.Debug|x86.ActiveCfg = Debug|Any CPU
		{B66C62CA-7683-1E30-1CDE-60ACA2F02BCF}.Debug|x86.Build.0 = Debug|Any CPU
		{B66C62CA-7683-1E30-1CDE-60ACA2F02BCF}.Release|Any CPU.ActiveCfg = Release|Any CPU
		{B66C62CA-7683-1E30-1CDE-60ACA2F02BCF}.Release|Any CPU.Build.0 = Release|Any CPU
		{B66C62CA-7683-1E30-1CDE-60ACA2F02BCF}.Release|x64.ActiveCfg = Release|Any CPU
		{B66C62CA-7683-1E30-1CDE-60ACA2F02BCF}.Release|x64.Build.0 = Release|Any CPU
		{B66C62CA-7683-1E30-1CDE-60ACA2F02BCF}.Release|x86.ActiveCfg = Release|Any CPU
		{B66C62CA-7683-1E30-1CDE-60ACA2F02BCF}.Release|x86.Build.0 = Release|Any CPU
		{5FDDDE43-0C17-B04F-E56A-48DF768FF2F0}.Debug|Any CPU.ActiveCfg = Debug|Any CPU
		{5FDDDE43-0C17-B04F-E56A-48DF768FF2F0}.Debug|Any CPU.Build.0 = Debug|Any CPU
		{5FDDDE43-0C17-B04F-E56A-48DF768FF2F0}.Debug|x64.ActiveCfg = Debug|Any CPU
		{5FDDDE43-0C17-B04F-E56A-48DF768FF2F0}.Debug|x64.Build.0 = Debug|Any CPU
		{5FDDDE43-0C17-B04F-E56A-48DF768FF2F0}.Debug|x86.ActiveCfg = Debug|Any CPU
		{5FDDDE43-0C17-B04F-E56A-48DF768FF2F0}.Debug|x86.Build.0 = Debug|Any CPU
		{5FDDDE43-0C17-B04F-E56A-48DF768FF2F0}.Release|Any CPU.ActiveCfg = Release|Any CPU
		{5FDDDE43-0C17-B04F-E56A-48DF768FF2F0}.Release|Any CPU.Build.0 = Release|Any CPU
		{5FDDDE43-0C17-B04F-E56A-48DF768FF2F0}.Release|x64.ActiveCfg = Release|Any CPU
		{5FDDDE43-0C17-B04F-E56A-48DF768FF2F0}.Release|x64.Build.0 = Release|Any CPU
		{5FDDDE43-0C17-B04F-E56A-48DF768FF2F0}.Release|x86.ActiveCfg = Release|Any CPU
		{5FDDDE43-0C17-B04F-E56A-48DF768FF2F0}.Release|x86.Build.0 = Release|Any CPU
		{5F40F575-15B9-E83E-990D-5CA9231F0CDB}.Debug|Any CPU.ActiveCfg = Debug|Any CPU
		{5F40F575-15B9-E83E-990D-5CA9231F0CDB}.Debug|Any CPU.Build.0 = Debug|Any CPU
		{5F40F575-15B9-E83E-990D-5CA9231F0CDB}.Debug|x64.ActiveCfg = Debug|Any CPU
		{5F40F575-15B9-E83E-990D-5CA9231F0CDB}.Debug|x64.Build.0 = Debug|Any CPU
		{5F40F575-15B9-E83E-990D-5CA9231F0CDB}.Debug|x86.ActiveCfg = Debug|Any CPU
		{5F40F575-15B9-E83E-990D-5CA9231F0CDB}.Debug|x86.Build.0 = Debug|Any CPU
		{5F40F575-15B9-E83E-990D-5CA9231F0CDB}.Release|Any CPU.ActiveCfg = Release|Any CPU
		{5F40F575-15B9-E83E-990D-5CA9231F0CDB}.Release|Any CPU.Build.0 = Release|Any CPU
		{5F40F575-15B9-E83E-990D-5CA9231F0CDB}.Release|x64.ActiveCfg = Release|Any CPU
		{5F40F575-15B9-E83E-990D-5CA9231F0CDB}.Release|x64.Build.0 = Release|Any CPU
		{5F40F575-15B9-E83E-990D-5CA9231F0CDB}.Release|x86.ActiveCfg = Release|Any CPU
		{5F40F575-15B9-E83E-990D-5CA9231F0CDB}.Release|x86.Build.0 = Release|Any CPU
		{F7638769-95ED-0A7C-32F5-F89D534AB74F}.Debug|Any CPU.ActiveCfg = Debug|Any CPU
		{F7638769-95ED-0A7C-32F5-F89D534AB74F}.Debug|Any CPU.Build.0 = Debug|Any CPU
		{F7638769-95ED-0A7C-32F5-F89D534AB74F}.Debug|x64.ActiveCfg = Debug|Any CPU
		{F7638769-95ED-0A7C-32F5-F89D534AB74F}.Debug|x64.Build.0 = Debug|Any CPU
		{F7638769-95ED-0A7C-32F5-F89D534AB74F}.Debug|x86.ActiveCfg = Debug|Any CPU
		{F7638769-95ED-0A7C-32F5-F89D534AB74F}.Debug|x86.Build.0 = Debug|Any CPU
		{F7638769-95ED-0A7C-32F5-F89D534AB74F}.Release|Any CPU.ActiveCfg = Release|Any CPU
		{F7638769-95ED-0A7C-32F5-F89D534AB74F}.Release|Any CPU.Build.0 = Release|Any CPU
		{F7638769-95ED-0A7C-32F5-F89D534AB74F}.Release|x64.ActiveCfg = Release|Any CPU
		{F7638769-95ED-0A7C-32F5-F89D534AB74F}.Release|x64.Build.0 = Release|Any CPU
		{F7638769-95ED-0A7C-32F5-F89D534AB74F}.Release|x86.ActiveCfg = Release|Any CPU
		{F7638769-95ED-0A7C-32F5-F89D534AB74F}.Release|x86.Build.0 = Release|Any CPU
		{B015EEBB-878E-C5AE-CAF2-DE10651BB7D9}.Debug|Any CPU.ActiveCfg = Debug|Any CPU
		{B015EEBB-878E-C5AE-CAF2-DE10651BB7D9}.Debug|Any CPU.Build.0 = Debug|Any CPU
		{B015EEBB-878E-C5AE-CAF2-DE10651BB7D9}.Debug|x64.ActiveCfg = Debug|Any CPU
		{B015EEBB-878E-C5AE-CAF2-DE10651BB7D9}.Debug|x64.Build.0 = Debug|Any CPU
		{B015EEBB-878E-C5AE-CAF2-DE10651BB7D9}.Debug|x86.ActiveCfg = Debug|Any CPU
		{B015EEBB-878E-C5AE-CAF2-DE10651BB7D9}.Debug|x86.Build.0 = Debug|Any CPU
		{B015EEBB-878E-C5AE-CAF2-DE10651BB7D9}.Release|Any CPU.ActiveCfg = Release|Any CPU
		{B015EEBB-878E-C5AE-CAF2-DE10651BB7D9}.Release|Any CPU.Build.0 = Release|Any CPU
		{B015EEBB-878E-C5AE-CAF2-DE10651BB7D9}.Release|x64.ActiveCfg = Release|Any CPU
		{B015EEBB-878E-C5AE-CAF2-DE10651BB7D9}.Release|x64.Build.0 = Release|Any CPU
		{B015EEBB-878E-C5AE-CAF2-DE10651BB7D9}.Release|x86.ActiveCfg = Release|Any CPU
		{B015EEBB-878E-C5AE-CAF2-DE10651BB7D9}.Release|x86.Build.0 = Release|Any CPU
	EndGlobalSection
	GlobalSection(SolutionProperties) = preSolution
		HideSolutionNode = FALSE
	EndGlobalSection
	GlobalSection(NestedProjects) = preSolution
		{27FEAB8F-8A8D-C478-91A9-8944E69E0075} = {CA253913-39DE-BFD0-C9A3-4B7EC6FBDF17}
		{A3BD9BDE-FCC4-51AB-F6A9-314AE444E0D0} = {27FEAB8F-8A8D-C478-91A9-8944E69E0075}
		{A998FDD9-78DA-47B8-ACE8-C0FCCCBE4CA8} = {A3BD9BDE-FCC4-51AB-F6A9-314AE444E0D0}
		{991974B1-4EE1-4A83-B7EC-C21CAB7E1E96} = {A3BD9BDE-FCC4-51AB-F6A9-314AE444E0D0}
		{511FF64E-6297-4CDA-9210-3566081B4F5C} = {A3BD9BDE-FCC4-51AB-F6A9-314AE444E0D0}
		{20196771-422F-4A02-B3D1-733528E56F27} = {A3BD9BDE-FCC4-51AB-F6A9-314AE444E0D0}
		{C54764F2-D317-C05E-3708-3AAC04AAC75B} = {CA253913-39DE-BFD0-C9A3-4B7EC6FBDF17}
		{198D83A9-0554-BF62-1B93-46E5FFEC3185} = {C54764F2-D317-C05E-3708-3AAC04AAC75B}
		{D6D96539-82CB-4DF8-AC35-13AE9A3CD4E3} = {198D83A9-0554-BF62-1B93-46E5FFEC3185}
		{474065B1-F7D6-4586-97B1-EEE54C62D2EC} = {198D83A9-0554-BF62-1B93-46E5FFEC3185}
		{A47941A0-4D2A-4B12-9E03-900ED7247415} = {198D83A9-0554-BF62-1B93-46E5FFEC3185}
		{19A95E42-7814-43F3-A53F-2F4FF6E334C8} = {198D83A9-0554-BF62-1B93-46E5FFEC3185}
		{293C06CD-4E17-48BD-9F3B-B5ADDFFA9425} = {CA253913-39DE-BFD0-C9A3-4B7EC6FBDF17}
		{71BE00F0-B5FC-9745-C01A-A42F4D935C52} = {CA253913-39DE-BFD0-C9A3-4B7EC6FBDF17}
		{2D2122C1-550E-E160-AB5D-E43E75C8C664} = {71BE00F0-B5FC-9745-C01A-A42F4D935C52}
		{B0908DE9-82FD-4DF8-9FEC-05FF782103B8} = {2D2122C1-550E-E160-AB5D-E43E75C8C664}
		{C1E4E561-C2DA-4AA4-A730-767EC7167EBC} = {2D2122C1-550E-E160-AB5D-E43E75C8C664}
		{D2B525BC-7126-475C-99A7-F1B0BD8B4501} = {2D2122C1-550E-E160-AB5D-E43E75C8C664}
		{023AFC9C-FD7A-4A40-9431-0017B292BB29} = {2D2122C1-550E-E160-AB5D-E43E75C8C664}
		{BCB19D54-EA58-4339-DA57-1EA92C8D8605} = {CA253913-39DE-BFD0-C9A3-4B7EC6FBDF17}
		{54D31C61-51BD-2655-CEDF-071C16A754D4} = {BCB19D54-EA58-4339-DA57-1EA92C8D8605}
		{A6F3A99F-E04A-4315-B84E-E51546CE36B6} = {54D31C61-51BD-2655-CEDF-071C16A754D4}
		{B2565BB7-F021-4C87-A4C9-D4A25535874E} = {54D31C61-51BD-2655-CEDF-071C16A754D4}
		{A2180329-230E-4BAE-BE72-BB8D3562874D} = {54D31C61-51BD-2655-CEDF-071C16A754D4}
		{6CB176F4-36E6-486A-8621-EFB939E190A9} = {54D31C61-51BD-2655-CEDF-071C16A754D4}
		{B66C62CA-7683-1E30-1CDE-60ACA2F02BCF} = {02EA681E-C7D8-13C7-8484-4AC65E1B71E8}
		{5FDDDE43-0C17-B04F-E56A-48DF768FF2F0} = {F95F473B-E98A-ACD6-1986-755F447BE36F}
		{5F40F575-15B9-E83E-990D-5CA9231F0CDB} = {D82A7FEF-56BB-4F98-A9E6-3D37AA48930B}
		{D82A7FEF-56BB-4F98-A9E6-3D37AA48930B} = {CA253913-39DE-BFD0-C9A3-4B7EC6FBDF17}
		{F7638769-95ED-0A7C-32F5-F89D534AB74F} = {293C06CD-4E17-48BD-9F3B-B5ADDFFA9425}
		{B015EEBB-878E-C5AE-CAF2-DE10651BB7D9} = {293C06CD-4E17-48BD-9F3B-B5ADDFFA9425}
	EndGlobalSection
	GlobalSection(ExtensibilityGlobals) = postSolution
		SolutionGuid = {448B5761-EC9E-4B91-A6C7-859E5576271D}
	EndGlobalSection
EndGlobal
